
Microsoft Visual Studio Solution File, Format Version 12.00
# Visual Studio Version 17
VisualStudioVersion = 17.6.33829.357
MinimumVisualStudioVersion = 10.0.40219.1
Project("{8BC9CEB8-8B4A-11D0-8D11-00A0C91BC942}") = "IACOCOMike", "MrSanmi_SteeringBehaviors\IACOCOMike.vcxproj", "{B85947DC-E17C-425B-A325-3599B73DEBC2}"
EndProject
Global
	GlobalSection(SolutionConfigurationPlatforms) = preSolution
		Debug|x64 = Debug|x64
		Debug|x86 = Debug|x86
		Release|x64 = Release|x64
		Release|x86 = Release|x86
	EndGlobalSection
	GlobalSection(ProjectConfigurationPlatforms) = postSolution
		{B85947DC-E17C-425B-A325-3599B73DEBC2}.Debug|x64.ActiveCfg = Debug|x64
		{B85947DC-E17C-425B-A325-3599B73DEBC2}.Debug|x64.Build.0 = Debug|x64
		{B85947DC-E17C-425B-A325-3599B73DEBC2}.Debug|x86.ActiveCfg = Debug|Win32
		{B85947DC-E17C-425B-A325-3599B73DEBC2}.Debug|x86.Build.0 = Debug|Win32
		{B85947DC-E17C-425B-A325-3599B73DEBC2}.Release|x64.ActiveCfg = Release|x64
		{B85947DC-E17C-425B-A325-3599B73DEBC2}.Release|x64.Build.0 = Release|x64
		{B85947DC-E17C-425B-A325-3599B73DEBC2}.Release|x86.ActiveCfg = Release|Win32
		{B85947DC-E17C-425B-A325-3599B73DEBC2}.Release|x86.Build.0 = Release|Win32
	EndGlobalSection
	GlobalSection(SolutionProperties) = preSolution
		HideSolutionNode = FALSE
	EndGlobalSection
	GlobalSection(ExtensibilityGlobals) = postSolution
		SolutionGuid = {E61E583B-CA00-404B-A23D-E2CF9C6BAF0E}
	EndGlobalSection
EndGlobal
